{
  "requires": true,
  "lockfileVersion": 1,
  "dependencies": {
    "knuth-shuffle": {
      "version": "git+https://git.coolaj86.com/coolaj86/knuth-shuffle.js.git#c60dcd6828e06db624a8d615ef890329a3081979",
      "from": "git+https://git.coolaj86.com/coolaj86/knuth-shuffle.js.git#v1.0"
    }
  }
}
